
Microsoft Visual Studio Solution File, Format Version 11.00
# Visual Studio 2010
# Ranorex Studio 8.3
Project("{FAE04EC0-301F-11D3-BF4B-00C04F79EFBC}") = "RemoteExecutionTest", "RemoteExecutionTest\RemoteExecutionTest.csproj", "{A986D984-7A6F-4F8E-9B9C-0403CBF9100D}"
EndProject
Project("{2150E333-8FDC-42A3-9474-1A3956D46DE8}") = "Solution Items", "Solution Items", "{789D06CF-608D-4D4F-8B67-53A5A98F9CEA}"
	ProjectSection(SolutionItems) = postProject
		Ranorex = .\Ranorex.rxsettings
	EndProjectSection
EndProject
Global
	GlobalSection(SolutionConfigurationPlatforms) = preSolution
		Debug|x86 = Debug|x86
		Release|x86 = Release|x86
	EndGlobalSection
	GlobalSection(ProjectConfigurationPlatforms) = postSolution
		{A986D984-7A6F-4F8E-9B9C-0403CBF9100D}.Debug|x86.Build.0 = Debug|x86
		{A986D984-7A6F-4F8E-9B9C-0403CBF9100D}.Debug|x86.ActiveCfg = Debug|x86
		{A986D984-7A6F-4F8E-9B9C-0403CBF9100D}.Release|x86.Build.0 = Release|x86
		{A986D984-7A6F-4F8E-9B9C-0403CBF9100D}.Release|x86.ActiveCfg = Release|x86
	EndGlobalSection
EndGlobal
